
Microsoft Visual Studio Solution File, Format Version 12.00
# Visual Studio 2017
Project("{FAE04EC0-301F-11D3-BF4B-00C04F79EFBC}") = "BowArrowClassic", "BowArrowClassic.csproj", "{F6216AFE-9CB7-B673-E6D3-0AC70D97A3E8}"
EndProject
Project("{FAE04EC0-301F-11D3-BF4B-00C04F79EFBC}") = "BowArrowClassic.Editor", "BowArrowClassic.Editor.csproj", "{7DE9C52D-913D-A23C-A86F-693F1615C4BF}"
EndProject
Global
	GlobalSection(SolutionConfigurationPlatforms) = preSolution
		Debug|Any CPU = Debug|Any CPU
		Release|Any CPU = Release|Any CPU
	EndGlobalSection
	GlobalSection(ProjectConfigurationPlatforms) = postSolution
		{F6216AFE-9CB7-B673-E6D3-0AC70D97A3E8}.Debug|Any CPU.ActiveCfg = Debug|Any CPU
		{F6216AFE-9CB7-B673-E6D3-0AC70D97A3E8}.Debug|Any CPU.Build.0 = Debug|Any CPU
		{F6216AFE-9CB7-B673-E6D3-0AC70D97A3E8}.Release|Any CPU.ActiveCfg = Release|Any CPU
		{F6216AFE-9CB7-B673-E6D3-0AC70D97A3E8}.Release|Any CPU.Build.0 = Release|Any CPU
		{7DE9C52D-913D-A23C-A86F-693F1615C4BF}.Debug|Any CPU.ActiveCfg = Debug|Any CPU
		{7DE9C52D-913D-A23C-A86F-693F1615C4BF}.Debug|Any CPU.Build.0 = Debug|Any CPU
		{7DE9C52D-913D-A23C-A86F-693F1615C4BF}.Release|Any CPU.ActiveCfg = Release|Any CPU
		{7DE9C52D-913D-A23C-A86F-693F1615C4BF}.Release|Any CPU.Build.0 = Release|Any CPU
	EndGlobalSection
	GlobalSection(SolutionProperties) = preSolution
		HideSolutionNode = FALSE
	EndGlobalSection
EndGlobal
